
Microsoft Visual Studio Solution File, Format Version 11.00
# Visual Studio 2010
Project("{FAE04EC0-301F-11D3-BF4B-00C04F79EFBC}") = "Assembly-CSharp", "Assembly-CSharp.csproj", "{EC87111D-0B54-B6FE-FBF0-7D56B5CECC3B}"
EndProject
Global
	GlobalSection(SolutionConfigurationPlatforms) = preSolution
		Debug|Any CPU = Debug|Any CPU
		Release|Any CPU = Release|Any CPU
	EndGlobalSection
	GlobalSection(ProjectConfigurationPlatforms) = postSolution
		{EC87111D-0B54-B6FE-FBF0-7D56B5CECC3B}.Debug|Any CPU.ActiveCfg = Debug|Any CPU
		{EC87111D-0B54-B6FE-FBF0-7D56B5CECC3B}.Debug|Any CPU.Build.0 = Debug|Any CPU
		{EC87111D-0B54-B6FE-FBF0-7D56B5CECC3B}.Release|Any CPU.ActiveCfg = Release|Any CPU
		{EC87111D-0B54-B6FE-FBF0-7D56B5CECC3B}.Release|Any CPU.Build.0 = Release|Any CPU
	EndGlobalSection
	GlobalSection(SolutionProperties) = preSolution
		HideSolutionNode = FALSE
	EndGlobalSection
EndGlobal
